// !$*UTF8*$!
{
	archiveVersion = 1;
	classes = {
	};
	objectVersion = 46;
	objects = {

/* Begin PBXBuildFile section */
		4396947F1CA17BF20042DD68 /* AppDelegate.swift in Sources */ = {isa = PBXBuildFile; fileRef = 4396947E1CA17BF20042DD68 /* AppDelegate.swift */; };
		439694811CA17BF20042DD68 /* FirstViewController.swift in Sources */ = {isa = PBXBuildFile; fileRef = 439694801CA17BF20042DD68 /* FirstViewController.swift */; };
		439694831CA17BF20042DD68 /* SecondViewController.swift in Sources */ = {isa = PBXBuildFile; fileRef = 439694821CA17BF20042DD68 /* SecondViewController.swift */; };
		439694861CA17BF20042DD68 /* Main.storyboard in Resources */ = {isa = PBXBuildFile; fileRef = 439694841CA17BF20042DD68 /* Main.storyboard */; };
		439694881CA17BF20042DD68 /* Assets.xcassets in Resources */ = {isa = PBXBuildFile; fileRef = 439694871CA17BF20042DD68 /* Assets.xcassets */; };
		4396948B1CA17BF20042DD68 /* LaunchScreen.storyboard in Resources */ = {isa = PBXBuildFile; fileRef = 439694891CA17BF20042DD68 /* LaunchScreen.storyboard */; };
		439694961CA17BF20042DD68 /* ToDoTests.swift in Sources */ = {isa = PBXBuildFile; fileRef = 439694951CA17BF20042DD68 /* ToDoTests.swift */; };
		439694A11CA17BF20042DD68 /* ToDoUITests.swift in Sources */ = {isa = PBXBuildFile; fileRef = 439694A01CA17BF20042DD68 /* ToDoUITests.swift */; };
/* End PBXBuildFile section */

/* Begin PBXContainerItemProxy section */
		439694921CA17BF20042DD68 /* PBXContainerItemProxy */ = {
			isa = PBXContainerItemProxy;
			containerPortal = 439694731CA17BF10042DD68 /* Project object */;
			proxyType = 1;
			remoteGlobalIDString = 4396947A1CA17BF20042DD68;
			remoteInfo = ToDo;
		};
		4396949D1CA17BF20042DD68 /* PBXContainerItemProxy */ = {
			isa = PBXContainerItemProxy;
			containerPortal = 439694731CA17BF10042DD68 /* Project object */;
			proxyType = 1;
			remoteGlobalIDString = 4396947A1CA17BF20042DD68;
			remoteInfo = ToDo;
		};
/* End PBXContainerItemProxy section */

/* Begin PBXFileReference section */
		4396947B1CA17BF20042DD68 /* ToDo.app */ = {isa = PBXFileReference; explicitFileType = wrapper.application; includeInIndex = 0; path = ToDo.app; sourceTree = BUILT_PRODUCTS_DIR; };
		4396947E1CA17BF20042DD68 /* AppDelegate.swift */ = {isa = PBXFileReference; lastKnownFileType = sourcecode.swift; path = AppDelegate.swift; sourceTree = "<group>"; };
		439694801CA17BF20042DD68 /* FirstViewController.swift */ = {isa = PBXFileReference; lastKnownFileType = sourcecode.swift; path = FirstViewController.swift; sourceTree = "<group>"; };
		439694821CA17BF20042DD68 /* SecondViewController.swift */ = {isa = PBXFileReference; lastKnownFileType = sourcecode.swift; path = SecondViewController.swift; sourceTree = "<group>"; };
		439694851CA17BF20042DD68 /* Base */ = {isa = PBXFileReference; lastKnownFileType = file.storyboard; name = Base; path = Base.lproj/Main.storyboard; sourceTree = "<group>"; };
		439694871CA17BF20042DD68 /* Assets.xcassets */ = {isa = PBXFileReference; lastKnownFileType = folder.assetcatalog; path = Assets.xcassets; sourceTree = "<group>"; };
		4396948A1CA17BF20042DD68 /* Base */ = {isa = PBXFileReference; lastKnownFileType = file.storyboard; name = Base; path = Base.lproj/LaunchScreen.storyboard; sourceTree = "<group>"; };
		4396948C1CA17BF20042DD68 /* Info.plist */ = {isa = PBXFileReference; lastKnownFileType = text.plist.xml; path = Info.plist; sourceTree = "<group>"; };
		439694911CA17BF20042DD68 /* ToDoTests.xctest */ = {isa = PBXFileReference; explicitFileType = wrapper.cfbundle; includeInIndex = 0; path = ToDoTests.xctest; sourceTree = BUILT_PRODUCTS_DIR; };
		439694951CA17BF20042DD68 /* ToDoTests.swift */ = {isa = PBXFileReference; lastKnownFileType = sourcecode.swift; path = ToDoTests.swift; sourceTree = "<group>"; };
		439694971CA17BF20042DD68 /* Info.plist */ = {isa = PBXFileReference; lastKnownFileType = text.plist.xml; path = Info.plist; sourceTree = "<group>"; };
		4396949C1CA17BF20042DD68 /* ToDoUITests.xctest */ = {isa = PBXFileReference; explicitFileType = wrapper.cfbundle; includeInIndex = 0; path = ToDoUITests.xctest; sourceTree = BUILT_PRODUCTS_DIR; };
		439694A01CA17BF20042DD68 /* ToDoUITests.swift */ = {isa = PBXFileReference; lastKnownFileType = sourcecode.swift; path = ToDoUITests.swift; sourceTree = "<group>"; };
		439694A21CA17BF20042DD68 /* Info.plist */ = {isa = PBXFileReference; lastKnownFileType = text.plist.xml; path = Info.plist; sourceTree = "<group>"; };
/* End PBXFileReference section */

/* Begin PBXFrameworksBuildPhase section */
		439694781CA17BF20042DD68 /* Frameworks */ = {
			isa = PBXFrameworksBuildPhase;
			buildActionMask = 2147483647;
			files = (
			);
			runOnlyForDeploymentPostprocessing = 0;
		};
		4396948E1CA17BF20042DD68 /* Frameworks */ = {
			isa = PBXFrameworksBuildPhase;
			buildActionMask = 2147483647;
			files = (
			);
			runOnlyForDeploymentPostprocessing = 0;
		};
		439694991CA17BF20042DD68 /* Frameworks */ = {
			isa = PBXFrameworksBuildPhase;
			buildActionMask = 2147483647;
			files = (
			);
			runOnlyForDeploymentPostprocessing = 0;
		};
/* End PBXFrameworksBuildPhase section */

/* Begin PBXGroup section */
		439694721CA17BF10042DD68 = {
			isa = PBXGroup;
			children = (
				4396947D1CA17BF20042DD68 /* ToDo */,
				439694941CA17BF20042DD68 /* ToDoTests */,
				4396949F1CA17BF20042DD68 /* ToDoUITests */,
				4396947C1CA17BF20042DD68 /* Products */,
			);
			sourceTree = "<group>";
		};
		4396947C1CA17BF20042DD68 /* Products */ = {
			isa = PBXGroup;
			children = (
				4396947B1CA17BF20042DD68 /* ToDo.app */,
				439694911CA17BF20042DD68 /* ToDoTests.xctest */,
				4396949C1CA17BF20042DD68 /* ToDoUITests.xctest */,
			);
			name = Products;
			sourceTree = "<group>";
		};
		4396947D1CA17BF20042DD68 /* ToDo */ = {
			isa = PBXGroup;
			children = (
				4396947E1CA17BF20042DD68 /* AppDelegate.swift */,
				439694801CA17BF20042DD68 /* FirstViewController.swift */,
				439694821CA17BF20042DD68 /* SecondViewController.swift */,
				439694841CA17BF20042DD68 /* Main.storyboard */,
				439694871CA17BF20042DD68 /* Assets.xcassets */,
				439694891CA17BF20042DD68 /* LaunchScreen.storyboard */,
				4396948C1CA17BF20042DD68 /* Info.plist */,
			);
			path = ToDo;
			sourceTree = "<group>";
		};
		439694941CA17BF20042DD68 /* ToDoTests */ = {
			isa = PBXGroup;
			children = (
				439694951CA17BF20042DD68 /* ToDoTests.swift */,
				439694971CA17BF20042DD68 /* Info.plist */,
			);
			path = ToDoTests;
			sourceTree = "<group>";
		};
		4396949F1CA17BF20042DD68 /* ToDoUITests */ = {
			isa = PBXGroup;
			children = (
				439694A01CA17BF20042DD68 /* ToDoUITests.swift */,
				439694A21CA17BF20042DD68 /* Info.plist */,
			);
			path = ToDoUITests;
			sourceTree = "<group>";
		};
/* End PBXGroup section */

/* Begin PBXNativeTarget section */
		4396947A1CA17BF20042DD68 /* ToDo */ = {
			isa = PBXNativeTarget;
			buildConfigurationList = 439694A51CA17BF20042DD68 /* Build configuration list for PBXNativeTarget "ToDo" */;
			buildPhases = (
				439694771CA17BF20042DD68 /* Sources */,
				439694781CA17BF20042DD68 /* Frameworks */,
				439694791CA17BF20042DD68 /* Resources */,
			);
			buildRules = (
			);
			dependencies = (
			);
			name = ToDo;
			productName = ToDo;
			productReference = 4396947B1CA17BF20042DD68 /* ToDo.app */;
			productType = "com.apple.product-type.application";
		};
		439694901CA17BF20042DD68 /* ToDoTests */ = {
			isa = PBXNativeTarget;
			buildConfigurationList = 439694A81CA17BF20042DD68 /* Build configuration list for PBXNativeTarget "ToDoTests" */;
			buildPhases = (
				4396948D1CA17BF20042DD68 /* Sources */,
				4396948E1CA17BF20042DD68 /* Frameworks */,
				4396948F1CA17BF20042DD68 /* Resources */,
			);
			buildRules = (
			);
			dependencies = (
				439694931CA17BF20042DD68 /* PBXTargetDependency */,
			);
			name = ToDoTests;
			productName = ToDoTests;
			productReference = 439694911CA17BF20042DD68 /* ToDoTests.xctest */;
			productType = "com.apple.product-type.bundle.unit-test";
		};
		4396949B1CA17BF20042DD68 /* ToDoUITests */ = {
			isa = PBXNativeTarget;
			buildConfigurationList = 439694AB1CA17BF20042DD68 /* Build configuration list for PBXNativeTarget "ToDoUITests" */;
			buildPhases = (
				439694981CA17BF20042DD68 /* Sources */,
				439694991CA17BF20042DD68 /* Frameworks */,
				4396949A1CA17BF20042DD68 /* Resources */,
			);
			buildRules = (
			);
			dependencies = (
				4396949E1CA17BF20042DD68 /* PBXTargetDependency */,
			);
			name = ToDoUITests;
			productName = ToDoUITests;
			productReference = 4396949C1CA17BF20042DD68 /* ToDoUITests.xctest */;
			productType = "com.apple.product-type.bundle.ui-testing";
		};
/* End PBXNativeTarget section */

/* Begin PBXProject section */
		439694731CA17BF10042DD68 /* Project object */ = {
			isa = PBXProject;
			attributes = {
				LastSwiftUpdateCheck = 0720;
				LastUpgradeCheck = 0720;
				ORGANIZATIONNAME = Swift;
				TargetAttributes = {
					4396947A1CA17BF20042DD68 = {
						CreatedOnToolsVersion = 7.2.1;
					};
					439694901CA17BF20042DD68 = {
						CreatedOnToolsVersion = 7.2.1;
						TestTargetID = 4396947A1CA17BF20042DD68;
					};
					4396949B1CA17BF20042DD68 = {
						CreatedOnToolsVersion = 7.2.1;
						TestTargetID = 4396947A1CA17BF20042DD68;
					};
				};
			};
			buildConfigurationList = 439694761CA17BF10042DD68 /* Build configuration list for PBXProject "ToDo" */;
			compatibilityVersion = "Xcode 3.2";
			developmentRegion = English;
			hasScannedForEncodings = 0;
			knownRegions = (
				en,
				Base,
			);
			mainGroup = 439694721CA17BF10042DD68;
			productRefGroup = 4396947C1CA17BF20042DD68 /* Products */;
			projectDirPath = "";
			projectRoot = "";
			targets = (
				4396947A1CA17BF20042DD68 /* ToDo */,
				439694901CA17BF20042DD68 /* ToDoTests */,
				4396949B1CA17BF20042DD68 /* ToDoUITests */,
			);
		};
/* End PBXProject section */

/* Begin PBXResourcesBuildPhase section */
		439694791CA17BF20042DD68 /* Resources */ = {
			isa = PBXResourcesBuildPhase;
			buildActionMask = 2147483647;
			files = (
				4396948B1CA17BF20042DD68 /* LaunchScreen.storyboard in Resources */,
				439694881CA17BF20042DD68 /* Assets.xcassets in Resources */,
				439694861CA17BF20042DD68 /* Main.storyboard in Resources */,
			);
			runOnlyForDeploymentPostprocessing = 0;
		};
		4396948F1CA17BF20042DD68 /* Resources */ = {
			isa = PBXResourcesBuildPhase;
			buildActionMask = 2147483647;
			files = (
			);
			runOnlyForDeploymentPostprocessing = 0;
		};
		4396949A1CA17BF20042DD68 /* Resources */ = {
			isa = PBXResourcesBuildPhase;
			buildActionMask = 2147483647;
			files = (
			);
			runOnlyForDeploymentPostprocessing = 0;
		};
/* End PBXResourcesBuildPhase section */

/* Begin PBXSourcesBuildPhase section */
		439694771CA17BF20042DD68 /* Sources */ = {
			isa = PBXSourcesBuildPhase;
			buildActionMask = 2147483647;
			files = (
				439694831CA17BF20042DD68 /* SecondViewController.swift in Sources */,
				4396947F1CA17BF20042DD68 /* AppDelegate.swift in Sources */,
				439694811CA17BF20042DD68 /* FirstViewController.swift in Sources */,
			);
			runOnlyForDeploymentPostprocessing = 0;
		};
		4396948D1CA17BF20042DD68 /* Sources */ = {
			isa = PBXSourcesBuildPhase;
			buildActionMask = 2147483647;
			files = (
				439694961CA17BF20042DD68 /* ToDoTests.swift in Sources */,
			);
			runOnlyForDeploymentPostprocessing = 0;
		};
		439694981CA17BF20042DD68 /* Sources */ = {
			isa = PBXSourcesBuildPhase;
			buildActionMask = 2147483647;
			files = (
				439694A11CA17BF20042DD68 /* ToDoUITests.swift in Sources */,
			);
			runOnlyForDeploymentPostprocessing = 0;
		};
/* End PBXSourcesBuildPhase section */

/* Begin PBXTargetDependency section */
		439694931CA17BF20042DD68 /* PBXTargetDependency */ = {
			isa = PBXTargetDependency;
			target = 4396947A1CA17BF20042DD68 /* ToDo */;
			targetProxy = 439694921CA17BF20042DD68 /* PBXContainerItemProxy */;
		};
		4396949E1CA17BF20042DD68 /* PBXTargetDependency */ = {
			isa = PBXTargetDependency;
			target = 4396947A1CA17BF20042DD68 /* ToDo */;
			targetProxy = 4396949D1CA17BF20042DD68 /* PBXContainerItemProxy */;
		};
/* End PBXTargetDependency section */

/* Begin PBXVariantGroup section */
		439694841CA17BF20042DD68 /* Main.storyboard */ = {
			isa = PBXVariantGroup;
			children = (
				439694851CA17BF20042DD68 /* Base */,
			);
			name = Main.storyboard;
			sourceTree = "<group>";
		};
		439694891CA17BF20042DD68 /* LaunchScreen.storyboard */ = {
			isa = PBXVariantGroup;
			children = (
				4396948A1CA17BF20042DD68 /* Base */,
			);
			name = LaunchScreen.storyboard;
			sourceTree = "<group>";
		};
/* End PBXVariantGroup section */

/* Begin XCBuildConfiguration section */
		439694A31CA17BF20042DD68 /* Debug */ = {
			isa = XCBuildConfiguration;
			buildSettings = {
				ALWAYS_SEARCH_USER_PATHS = NO;
				CLANG_CXX_LANGUAGE_STANDARD = "gnu++0x";
				CLANG_CXX_LIBRARY = "libc++";
				CLANG_ENABLE_MODULES = YES;
				CLANG_ENABLE_OBJC_ARC = YES;
				CLANG_WARN_BOOL_CONVERSION = YES;
				CLANG_WARN_CONSTANT_CONVERSION = YES;
				CLANG_WARN_DIRECT_OBJC_ISA_USAGE = YES_ERROR;
				CLANG_WARN_EMPTY_BODY = YES;
				CLANG_WARN_ENUM_CONVERSION = YES;
				CLANG_WARN_INT_CONVERSION = YES;
				CLANG_WARN_OBJC_ROOT_CLASS = YES_ERROR;
				CLANG_WARN_UNREACHABLE_CODE = YES;
				CLANG_WARN__DUPLICATE_METHOD_MATCH = YES;
				"CODE_SIGN_IDENTITY[sdk=iphoneos*]" = "iPhone Developer";
				COPY_PHASE_STRIP = NO;
				DEBUG_INFORMATION_FORMAT = dwarf;
				ENABLE_STRICT_OBJC_MSGSEND = YES;
				ENABLE_TESTABILITY = YES;
				GCC_C_LANGUAGE_STANDARD = gnu99;
				GCC_DYNAMIC_NO_PIC = NO;
				GCC_NO_COMMON_BLOCKS = YES;
				GCC_OPTIMIZATION_LEVEL = 0;
				GCC_PREPROCESSOR_DEFINITIONS = (
					"DEBUG=1",
					"$(inherited)",
				);
				GCC_WARN_64_TO_32_BIT_CONVERSION = YES;
				GCC_WARN_ABOUT_RETURN_TYPE = YES_ERROR;
				GCC_WARN_UNDECLARED_SELECTOR = YES;
				GCC_WARN_UNINITIALIZED_AUTOS = YES_AGGRESSIVE;
				GCC_WARN_UNUSED_FUNCTION = YES;
				GCC_WARN_UNUSED_VARIABLE = YES;
				IPHONEOS_DEPLOYMENT_TARGET = 9.2;
				MTL_ENABLE_DEBUG_INFO = YES;
				ONLY_ACTIVE_ARCH = YES;
				SDKROOT = iphoneos;
				SWIFT_OPTIMIZATION_LEVEL = "-Onone";
				TARGETED_DEVICE_FAMILY = "1,2";
			};
			name = Debug;
		};
		439694A41CA17BF20042DD68 /* Release */ = {
			isa = XCBuildConfiguration;
			buildSettings = {
				ALWAYS_SEARCH_USER_PATHS = NO;
				CLANG_CXX_LANGUAGE_STANDARD = "gnu++0x";
				CLANG_CXX_LIBRARY = "libc++";
				CLANG_ENABLE_MODULES = YES;
				CLANG_ENABLE_OBJC_ARC = YES;
				CLANG_WARN_BOOL_CONVERSION = YES;
				CLANG_WARN_CONSTANT_CONVERSION = YES;
				CLANG_WARN_DIRECT_OBJC_ISA_USAGE = YES_ERROR;
				CLANG_WARN_EMPTY_BODY = YES;
				CLANG_WARN_ENUM_CONVERSION = YES;
				CLANG_WARN_INT_CONVERSION = YES;
				CLANG_WARN_OBJC_ROOT_CLASS = YES_ERROR;
				CLANG_WARN_UNREACHABLE_CODE = YES;
				CLANG_WARN__DUPLICATE_METHOD_MATCH = YES;
				"CODE_SIGN_IDENTITY[sdk=iphoneos*]" = "iPhone Developer";
				COPY_PHASE_STRIP = NO;
				DEBUG_INFORMATION_FORMAT = "dwarf-with-dsym";
				ENABLE_NS_ASSERTIONS = NO;
				ENABLE_STRICT_OBJC_MSGSEND = YES;
				GCC_C_LANGUAGE_STANDARD = gnu99;
				GCC_NO_COMMON_BLOCKS = YES;
				GCC_WARN_64_TO_32_BIT_CONVERSION = YES;
				GCC_WARN_ABOUT_RETURN_TYPE = YES_ERROR;
				GCC_WARN_UNDECLARED_SELECTOR = YES;
				GCC_WARN_UNINITIALIZED_AUTOS = YES_AGGRESSIVE;
				GCC_WARN_UNUSED_FUNCTION = YES;
				GCC_WARN_UNUSED_VARIABLE = YES;
				IPHONEOS_DEPLOYMENT_TARGET = 9.2;
				MTL_ENABLE_DEBUG_INFO = NO;
				SDKROOT = iphoneos;
				TARGETED_DEVICE_FAMILY = "1,2";
				VALIDATE_PRODUCT = YES;
			};
			name = Release;
		};
		439694A61CA17BF20042DD68 /* Debug */ = {
			isa = XCBuildConfiguration;
			buildSettings = {
				ASSETCATALOG_COMPILER_APPICON_NAME = AppIcon;
				INFOPLIST_FILE = ToDo/Info.plist;
				LD_RUNPATH_SEARCH_PATHS = "$(inherited) @executable_path/Frameworks";
				PRODUCT_BUNDLE_IDENTIFIER = nl.mprog.ToDo;
				PRODUCT_NAME = "$(TARGET_NAME)";
			};
			name = Debug;
		};
		439694A71CA17BF20042DD68 /* Release */ = {
			isa = XCBuildConfiguration;
			buildSettings = {
				ASSETCATALOG_COMPILER_APPICON_NAME = AppIcon;
				INFOPLIST_FILE = ToDo/Info.plist;
				LD_RUNPATH_SEARCH_PATHS = "$(inherited) @executable_path/Frameworks";
				PRODUCT_BUNDLE_IDENTIFIER = nl.mprog.ToDo;
				PRODUCT_NAME = "$(TARGET_NAME)";
			};
			name = Release;
		};
		439694A91CA17BF20042DD68 /* Debug */ = {
			isa = XCBuildConfiguration;
			buildSettings = {
				BUNDLE_LOADER = "$(TEST_HOST)";
				INFOPLIST_FILE = ToDoTests/Info.plist;
				LD_RUNPATH_SEARCH_PATHS = "$(inherited) @executable_path/Frameworks @loader_path/Frameworks";
				PRODUCT_BUNDLE_IDENTIFIER = nl.mprog.ToDoTests;
				PRODUCT_NAME = "$(TARGET_NAME)";
				TEST_HOST = "$(BUILT_PRODUCTS_DIR)/ToDo.app/ToDo";
			};
			name = Debug;
		};
		439694AA1CA17BF20042DD68 /* Release */ = {
			isa = XCBuildConfiguration;
			buildSettings = {
				BUNDLE_LOADER = "$(TEST_HOST)";
				INFOPLIST_FILE = ToDoTests/Info.plist;
				LD_RUNPATH_SEARCH_PATHS = "$(inherited) @executable_path/Frameworks @loader_path/Frameworks";
				PRODUCT_BUNDLE_IDENTIFIER = nl.mprog.ToDoTests;
				PRODUCT_NAME = "$(TARGET_NAME)";
				TEST_HOST = "$(BUILT_PRODUCTS_DIR)/ToDo.app/ToDo";
			};
			name = Release;
		};
		439694AC1CA17BF20042DD68 /* Debug */ = {
			isa = XCBuildConfiguration;
			buildSettings = {
				INFOPLIST_FILE = ToDoUITests/Info.plist;
				LD_RUNPATH_SEARCH_PATHS = "$(inherited) @executable_path/Frameworks @loader_path/Frameworks";
				PRODUCT_BUNDLE_IDENTIFIER = nl.mprog.ToDoUITests;
				PRODUCT_NAME = "$(TARGET_NAME)";
				TEST_TARGET_NAME = ToDo;
				USES_XCTRUNNER = YES;
			};
			name = Debug;
		};
		439694AD1CA17BF20042DD68 /* Release */ = {
			isa = XCBuildConfiguration;
			buildSettings = {
				INFOPLIST_FILE = ToDoUITests/Info.plist;
				LD_RUNPATH_SEARCH_PATHS = "$(inherited) @executable_path/Frameworks @loader_path/Frameworks";
				PRODUCT_BUNDLE_IDENTIFIER = nl.mprog.ToDoUITests;
				PRODUCT_NAME = "$(TARGET_NAME)";
				TEST_TARGET_NAME = ToDo;
				USES_XCTRUNNER = YES;
			};
			name = Release;
		};
/* End XCBuildConfiguration section */

/* Begin XCConfigurationList section */
		439694761CA17BF10042DD68 /* Build configuration list for PBXProject "ToDo" */ = {
			isa = XCConfigurationList;
			buildConfigurations = (
				439694A31CA17BF20042DD68 /* Debug */,
				439694A41CA17BF20042DD68 /* Release */,
			);
			defaultConfigurationIsVisible = 0;
			defaultConfigurationName = Release;
		};
		439694A51CA17BF20042DD68 /* Build configuration list for PBXNativeTarget "ToDo" */ = {
			isa = XCConfigurationList;
			buildConfigurations = (
				439694A61CA17BF20042DD68 /* Debug */,
				439694A71CA17BF20042DD68 /* Release */,
			);
			defaultConfigurationIsVisible = 0;
		};
		439694A81CA17BF20042DD68 /* Build configuration list for PBXNativeTarget "ToDoTests" */ = {
			isa = XCConfigurationList;
			buildConfigurations = (
				439694A91CA17BF20042DD68 /* Debug */,
				439694AA1CA17BF20042DD68 /* Release */,
			);
			defaultConfigurationIsVisible = 0;
		};
		439694AB1CA17BF20042DD68 /* Build configuration list for PBXNativeTarget "ToDoUITests" */ = {
			isa = XCConfigurationList;
			buildConfigurations = (
				439694AC1CA17BF20042DD68 /* Debug */,
				439694AD1CA17BF20042DD68 /* Release */,
			);
			defaultConfigurationIsVisible = 0;
		};
/* End XCConfigurationList section */
	};
	rootObject = 439694731CA17BF10042DD68 /* Project object */;
}
